
Microsoft Visual Studio Solution File, Format Version 12.00
# Visual Studio Version 16
VisualStudioVersion = 16.0.29709.97
MinimumVisualStudioVersion = 10.0.40219.1
Project("{FAE04EC0-301F-11D3-BF4B-00C04F79EFBC}") = "asgn", "asgn\asgn.csproj", "{7BE4330B-5B41-4C46-A6AC-1F4264A8BF02}"
EndProject
Global
	GlobalSection(SolutionConfigurationPlatforms) = preSolution
		Debug|Any CPU = Debug|Any CPU
		Release|Any CPU = Release|Any CPU
	EndGlobalSection
	GlobalSection(ProjectConfigurationPlatforms) = postSolution
		{7BE4330B-5B41-4C46-A6AC-1F4264A8BF02}.Debug|Any CPU.ActiveCfg = Debug|Any CPU
		{7BE4330B-5B41-4C46-A6AC-1F4264A8BF02}.Debug|Any CPU.Build.0 = Debug|Any CPU
		{7BE4330B-5B41-4C46-A6AC-1F4264A8BF02}.Release|Any CPU.ActiveCfg = Release|Any CPU
		{7BE4330B-5B41-4C46-A6AC-1F4264A8BF02}.Release|Any CPU.Build.0 = Release|Any CPU
	EndGlobalSection
	GlobalSection(SolutionProperties) = preSolution
		HideSolutionNode = FALSE
	EndGlobalSection
	GlobalSection(ExtensibilityGlobals) = postSolution
		SolutionGuid = {603D587D-9859-4BFC-8AD0-6C661BE6FAB8}
	EndGlobalSection
EndGlobal
